
Microsoft Visual Studio Solution File, Format Version 12.00
# Visual Studio 15
VisualStudioVersion = 15.0.28010.2048
MinimumVisualStudioVersion = 10.0.40219.1
Project("{9A19103F-16F7-4668-BE54-9A1E7A4F7556}") = "Demo.Core", "Demo.Core\Demo.Core.csproj", "{590B7784-C1F7-4BA6-8556-44A4CF2B4A22}"
EndProject
Project("{FAE04EC0-301F-11D3-BF4B-00C04F79EFBC}") = "Demo.DotNetFramework", "Demo.DotNetFramework\Demo.DotNetFramework.csproj", "{6CAFA9B8-7214-41C0-A576-461033B23382}"
EndProject
Global
	GlobalSection(SolutionConfigurationPlatforms) = preSolution
		Debug|Any CPU = Debug|Any CPU
		Release|Any CPU = Release|Any CPU
	EndGlobalSection
	GlobalSection(ProjectConfigurationPlatforms) = postSolution
		{590B7784-C1F7-4BA6-8556-44A4CF2B4A22}.Debug|Any CPU.ActiveCfg = Debug|Any CPU
		{590B7784-C1F7-4BA6-8556-44A4CF2B4A22}.Debug|Any CPU.Build.0 = Debug|Any CPU
		{590B7784-C1F7-4BA6-8556-44A4CF2B4A22}.Release|Any CPU.ActiveCfg = Release|Any CPU
		{590B7784-C1F7-4BA6-8556-44A4CF2B4A22}.Release|Any CPU.Build.0 = Release|Any CPU
		{6CAFA9B8-7214-41C0-A576-461033B23382}.Debug|Any CPU.ActiveCfg = Debug|Any CPU
		{6CAFA9B8-7214-41C0-A576-461033B23382}.Debug|Any CPU.Build.0 = Debug|Any CPU
		{6CAFA9B8-7214-41C0-A576-461033B23382}.Release|Any CPU.ActiveCfg = Release|Any CPU
		{6CAFA9B8-7214-41C0-A576-461033B23382}.Release|Any CPU.Build.0 = Release|Any CPU
	EndGlobalSection
	GlobalSection(SolutionProperties) = preSolution
		HideSolutionNode = FALSE
	EndGlobalSection
	GlobalSection(ExtensibilityGlobals) = postSolution
		SolutionGuid = {BF77C4C0-5857-45A4-91C5-59C92C848BFB}
	EndGlobalSection
EndGlobal
